
Microsoft Visual Studio Solution File, Format Version 12.00
# Visual Studio Version 17
VisualStudioVersion = 17.0.31612.314
MinimumVisualStudioVersion = 17.0.31612.314
Project("{2150E333-8FDC-42A3-9474-1A3956D46DE8}") = "Solution Items", "Solution Items", "{0A5AB4B2-4E78-4E1E-9559-94CA26F9A3E9}"
	ProjectSection(SolutionItems) = preProject
		.editorconfig = .editorconfig
		.gitattributes = .gitattributes
		.gitignore = .gitignore
		Directory.Build.props = Directory.Build.props
		global.json = global.json
		LICENSE = LICENSE
		nuget.config = nuget.config
		README.md = README.md
		THIRD-PARTY-NOTICES.TXT = THIRD-PARTY-NOTICES.TXT
		Versions.props = Versions.props
	EndProjectSection
EndProject
Project("{2150E333-8FDC-42A3-9474-1A3956D46DE8}") = "src", "src", "{C74E08A8-2D19-4325-9381-06802FE9E4CC}"
EndProject
Project("{2150E333-8FDC-42A3-9474-1A3956D46DE8}") = "test", "test", "{6B204F2F-1D43-411B-AF3F-7E1E96B380DB}"
EndProject
Project("{2150E333-8FDC-42A3-9474-1A3956D46DE8}") = "media", "media", "{59E8C3D2-EBD6-410D-AC6A-0DA5A226FCBE}"
	ProjectSection(SolutionItems) = preProject
		media\NerdyDuck.Scheduler-64x64.png = media\NerdyDuck.Scheduler-64x64.png
		media\NerdyDuck.Scheduler.svg = media\NerdyDuck.Scheduler.svg
	EndProjectSection
EndProject
Project("{2150E333-8FDC-42A3-9474-1A3956D46DE8}") = "shared", "shared", "{2DF0E22A-3120-428B-BC78-D3892443E6C8}"
	ProjectSection(SolutionItems) = preProject
		shared\NerdyDuck.Logging.snk = shared\NerdyDuck.Scheduler.snk
	EndProjectSection
EndProject
Project("{9A19103F-16F7-4668-BE54-9A1E7A4F7556}") = "Scheduler", "src\Scheduler\Scheduler.csproj", "{B4D3B305-FA8B-47F9-9BEB-099521250EDA}"
EndProject
Project("{FAE04EC0-301F-11D3-BF4B-00C04F79EFBC}") = "SchedulerUniversalTests", "test\SchedulerUniversalTests\SchedulerUniversalTests.csproj", "{FF3B2717-7829-4A3D-8CAE-E6CC225748B5}"
EndProject
Project("{FAE04EC0-301F-11D3-BF4B-00C04F79EFBC}") = "SchedulerDesktopTests", "test\SchedulerDesktopTests\SchedulerDesktopTests.csproj", "{125881FD-4CDB-4A85-BC65-AE238A773976}"
EndProject
Global
	GlobalSection(SolutionConfigurationPlatforms) = preSolution
	EndGlobalSection
	GlobalSection(ProjectConfigurationPlatforms) = postSolution
	EndGlobalSection
	GlobalSection(SolutionProperties) = preSolution
		HideSolutionNode = FALSE
	EndGlobalSection
	GlobalSection(NestedProjects) = preSolution
		{B4D3B305-FA8B-47F9-9BEB-099521250EDA} = {C74E08A8-2D19-4325-9381-06802FE9E4CC}
		{FF3B2717-7829-4A3D-8CAE-E6CC225748B5} = {6B204F2F-1D43-411B-AF3F-7E1E96B380DB}
		{125881FD-4CDB-4A85-BC65-AE238A773976} = {6B204F2F-1D43-411B-AF3F-7E1E96B380DB}
	EndGlobalSection
EndGlobal
