
Microsoft Visual Studio Solution File, Format Version 12.00
# Visual Studio Version 17
VisualStudioVersion = 17.0.31612.314
MinimumVisualStudioVersion = 17.0.31612.314
Project("{2150E333-8FDC-42A3-9474-1A3956D46DE8}") = "Solution Items", "Solution Items", "{0A5AB4B2-4E78-4E1E-9559-94CA26F9A3E9}"
	ProjectSection(SolutionItems) = preProject
		.editorconfig = .editorconfig
		.gitattributes = .gitattributes
		.gitignore = .gitignore
		Directory.Build.props = Directory.Build.props
		global.json = global.json
		LICENSE = LICENSE
		nuget.config = nuget.config
		README.md = README.md
		THIRD-PARTY-NOTICES.TXT = THIRD-PARTY-NOTICES.TXT
		Versions.props = Versions.props
	EndProjectSection
EndProject
Project("{2150E333-8FDC-42A3-9474-1A3956D46DE8}") = "src", "src", "{C74E08A8-2D19-4325-9381-06802FE9E4CC}"
EndProject
Project("{2150E333-8FDC-42A3-9474-1A3956D46DE8}") = "test", "test", "{6B204F2F-1D43-411B-AF3F-7E1E96B380DB}"
EndProject
Project("{2150E333-8FDC-42A3-9474-1A3956D46DE8}") = "media", "media", "{59E8C3D2-EBD6-410D-AC6A-0DA5A226FCBE}"
	ProjectSection(SolutionItems) = preProject
		media\NerdyDuck.Scheduler-64x64.png = media\NerdyDuck.Scheduler-64x64.png
		media\NerdyDuck.Scheduler.svg = media\NerdyDuck.Scheduler.svg
	EndProjectSection
EndProject
Project("{2150E333-8FDC-42A3-9474-1A3956D46DE8}") = "shared", "shared", "{2DF0E22A-3120-428B-BC78-D3892443E6C8}"
EndProject
Project("{9A19103F-16F7-4668-BE54-9A1E7A4F7556}") = "Scheduler", "src\Scheduler\Scheduler.csproj", "{B4D3B305-FA8B-47F9-9BEB-099521250EDA}"
EndProject
Project("{D954291E-2A0B-460D-934E-DC6B0785DB48}") = "Tests.Scheduler", "test\Scheduler\Tests.Shared\Tests.Scheduler.shproj", "{A7D476D5-C60E-48B7-A51C-4BAAFF621706}"
EndProject
Project("{9A19103F-16F7-4668-BE54-9A1E7A4F7556}") = "Tests.Scheduler.Net48", "test\Scheduler\Tests.Net48\Tests.Scheduler.Net48.csproj", "{A72D191F-FA99-4F8F-BBE7-FDD83EAD82CC}"
EndProject
Project("{9A19103F-16F7-4668-BE54-9A1E7A4F7556}") = "Tests.Scheduler.Net50", "test\Scheduler\Tests.Net50\Tests.Scheduler.Net50.csproj", "{37F711B7-238C-4430-B1BF-7C2DF86923B0}"
EndProject
Project("{9A19103F-16F7-4668-BE54-9A1E7A4F7556}") = "Tests.Scheduler.Net60", "test\Scheduler\Tests.Net60\Tests.Scheduler.Net60.csproj", "{016FF52A-1B1B-4AB3-97E2-63D03D36E844}"
EndProject
Project("{9A19103F-16F7-4668-BE54-9A1E7A4F7556}") = "Tests.Scheduler.NetCore31", "test\Scheduler\Tests.NetCore31\Tests.Scheduler.NetCore31.csproj", "{9796045E-DC93-4CCA-BCD8-2EF5D25E8D05}"
EndProject
Project("{9A19103F-16F7-4668-BE54-9A1E7A4F7556}") = "Scheduler.Configuration.AppConfig", "src\Scheduler.Configuration.AppConfig\Scheduler.Configuration.AppConfig.csproj", "{1CB0383C-06EC-48A5-926A-6791CACC9FB9}"
EndProject
Project("{9A19103F-16F7-4668-BE54-9A1E7A4F7556}") = "Scheduler.Configuration.ConfigSection", "src\Scheduler.Configuration.ConfigSection\Scheduler.Configuration.ConfigSection.csproj", "{3D534BD1-D962-42E6-9419-98D299484729}"
EndProject
Project("{9A19103F-16F7-4668-BE54-9A1E7A4F7556}") = "Scheduler.Configuration.Json", "src\Scheduler.Configuration.Json\Scheduler.Configuration.Json.csproj", "{4F6ACB26-FD81-4104-8B77-D4157519E036}"
EndProject
Project("{D954291E-2A0B-460D-934E-DC6B0785DB48}") = "Tests.Scheduler.Configuration", "test\Scheduler.Configuration\Tests.Shared\Tests.Scheduler.Configuration.shproj", "{44A52081-B18E-450B-A303-90D7B017C050}"
EndProject
Project("{9A19103F-16F7-4668-BE54-9A1E7A4F7556}") = "Tests.Scheduler.Configuration.Net48", "test\Scheduler.Configuration\Tests.Net48\Tests.Scheduler.Configuration.Net48.csproj", "{F3FB2CC7-889E-474C-B7D0-50430B0036DC}"
EndProject
Project("{9A19103F-16F7-4668-BE54-9A1E7A4F7556}") = "Tests.Scheduler.Configuration.Net50", "test\Scheduler.Configuration\Tests.Net50\Tests.Scheduler.Configuration.Net50.csproj", "{97342E84-EA39-4258-A9F0-D0314C318348}"
EndProject
Project("{9A19103F-16F7-4668-BE54-9A1E7A4F7556}") = "Tests.Scheduler.Configuration.Net60", "test\Scheduler.Configuration\Tests.Net60\Tests.Scheduler.Configuration.Net60.csproj", "{ACC9F809-355D-47AE-8F62-46645675F680}"
EndProject
Project("{9A19103F-16F7-4668-BE54-9A1E7A4F7556}") = "Tests.Scheduler.Configuration.NetCore31", "test\Scheduler.Configuration\Tests.NetCore31\Tests.Scheduler.Configuration.NetCore31.csproj", "{4353DF77-2E7F-482D-BB14-D5AB5B94AB9F}"
EndProject
Global
	GlobalSection(SharedMSBuildProjectFiles) = preSolution
		test\Scheduler\Tests.Shared\Tests.Scheduler.projitems*{016ff52a-1b1b-4ab3-97e2-63d03d36e844}*SharedItemsImports = 5
		test\Scheduler\Tests.Shared\Tests.Scheduler.projitems*{37f711b7-238c-4430-b1bf-7c2df86923b0}*SharedItemsImports = 5
		test\Scheduler.Configuration\Tests.Shared\Tests.Scheduler.Configuration.projitems*{4353df77-2e7f-482d-bb14-d5ab5b94ab9f}*SharedItemsImports = 5
		test\Scheduler.Configuration\Tests.Shared\Tests.Scheduler.Configuration.projitems*{44a52081-b18e-450b-a303-90d7b017c050}*SharedItemsImports = 13
		test\Scheduler.Configuration\Tests.Shared\Tests.Scheduler.Configuration.projitems*{97342e84-ea39-4258-a9f0-d0314c318348}*SharedItemsImports = 5
		test\Scheduler\Tests.Shared\Tests.Scheduler.projitems*{9796045e-dc93-4cca-bcd8-2ef5d25e8d05}*SharedItemsImports = 5
		test\Scheduler\Tests.Shared\Tests.Scheduler.projitems*{a72d191f-fa99-4f8f-bbe7-fdd83ead82cc}*SharedItemsImports = 5
		test\Scheduler\Tests.Shared\Tests.Scheduler.projitems*{a7d476d5-c60e-48b7-a51c-4baaff621706}*SharedItemsImports = 13
		test\Scheduler.Configuration\Tests.Shared\Tests.Scheduler.Configuration.projitems*{acc9f809-355d-47ae-8f62-46645675f680}*SharedItemsImports = 5
		test\Scheduler.Configuration\Tests.Shared\Tests.Scheduler.Configuration.projitems*{f3fb2cc7-889e-474c-b7d0-50430b0036dc}*SharedItemsImports = 5
	EndGlobalSection
	GlobalSection(SolutionConfigurationPlatforms) = preSolution
		Debug|Any CPU = Debug|Any CPU
		Release|Any CPU = Release|Any CPU
	EndGlobalSection
	GlobalSection(ProjectConfigurationPlatforms) = postSolution
		{B4D3B305-FA8B-47F9-9BEB-099521250EDA}.Debug|Any CPU.ActiveCfg = Debug|Any CPU
		{B4D3B305-FA8B-47F9-9BEB-099521250EDA}.Debug|Any CPU.Build.0 = Debug|Any CPU
		{B4D3B305-FA8B-47F9-9BEB-099521250EDA}.Release|Any CPU.ActiveCfg = Release|Any CPU
		{B4D3B305-FA8B-47F9-9BEB-099521250EDA}.Release|Any CPU.Build.0 = Release|Any CPU
		{A72D191F-FA99-4F8F-BBE7-FDD83EAD82CC}.Debug|Any CPU.ActiveCfg = Debug|Any CPU
		{A72D191F-FA99-4F8F-BBE7-FDD83EAD82CC}.Debug|Any CPU.Build.0 = Debug|Any CPU
		{A72D191F-FA99-4F8F-BBE7-FDD83EAD82CC}.Release|Any CPU.ActiveCfg = Release|Any CPU
		{A72D191F-FA99-4F8F-BBE7-FDD83EAD82CC}.Release|Any CPU.Build.0 = Release|Any CPU
		{37F711B7-238C-4430-B1BF-7C2DF86923B0}.Debug|Any CPU.ActiveCfg = Debug|Any CPU
		{37F711B7-238C-4430-B1BF-7C2DF86923B0}.Debug|Any CPU.Build.0 = Debug|Any CPU
		{37F711B7-238C-4430-B1BF-7C2DF86923B0}.Release|Any CPU.ActiveCfg = Release|Any CPU
		{37F711B7-238C-4430-B1BF-7C2DF86923B0}.Release|Any CPU.Build.0 = Release|Any CPU
		{016FF52A-1B1B-4AB3-97E2-63D03D36E844}.Debug|Any CPU.ActiveCfg = Debug|Any CPU
		{016FF52A-1B1B-4AB3-97E2-63D03D36E844}.Debug|Any CPU.Build.0 = Debug|Any CPU
		{016FF52A-1B1B-4AB3-97E2-63D03D36E844}.Release|Any CPU.ActiveCfg = Release|Any CPU
		{016FF52A-1B1B-4AB3-97E2-63D03D36E844}.Release|Any CPU.Build.0 = Release|Any CPU
		{9796045E-DC93-4CCA-BCD8-2EF5D25E8D05}.Debug|Any CPU.ActiveCfg = Debug|Any CPU
		{9796045E-DC93-4CCA-BCD8-2EF5D25E8D05}.Debug|Any CPU.Build.0 = Debug|Any CPU
		{9796045E-DC93-4CCA-BCD8-2EF5D25E8D05}.Release|Any CPU.ActiveCfg = Release|Any CPU
		{9796045E-DC93-4CCA-BCD8-2EF5D25E8D05}.Release|Any CPU.Build.0 = Release|Any CPU
		{1CB0383C-06EC-48A5-926A-6791CACC9FB9}.Debug|Any CPU.ActiveCfg = Debug|Any CPU
		{1CB0383C-06EC-48A5-926A-6791CACC9FB9}.Debug|Any CPU.Build.0 = Debug|Any CPU
		{1CB0383C-06EC-48A5-926A-6791CACC9FB9}.Release|Any CPU.ActiveCfg = Release|Any CPU
		{1CB0383C-06EC-48A5-926A-6791CACC9FB9}.Release|Any CPU.Build.0 = Release|Any CPU
		{3D534BD1-D962-42E6-9419-98D299484729}.Debug|Any CPU.ActiveCfg = Debug|Any CPU
		{3D534BD1-D962-42E6-9419-98D299484729}.Debug|Any CPU.Build.0 = Debug|Any CPU
		{3D534BD1-D962-42E6-9419-98D299484729}.Release|Any CPU.ActiveCfg = Release|Any CPU
		{3D534BD1-D962-42E6-9419-98D299484729}.Release|Any CPU.Build.0 = Release|Any CPU
		{4F6ACB26-FD81-4104-8B77-D4157519E036}.Debug|Any CPU.ActiveCfg = Debug|Any CPU
		{4F6ACB26-FD81-4104-8B77-D4157519E036}.Debug|Any CPU.Build.0 = Debug|Any CPU
		{4F6ACB26-FD81-4104-8B77-D4157519E036}.Release|Any CPU.ActiveCfg = Release|Any CPU
		{4F6ACB26-FD81-4104-8B77-D4157519E036}.Release|Any CPU.Build.0 = Release|Any CPU
		{F3FB2CC7-889E-474C-B7D0-50430B0036DC}.Debug|Any CPU.ActiveCfg = Debug|Any CPU
		{F3FB2CC7-889E-474C-B7D0-50430B0036DC}.Debug|Any CPU.Build.0 = Debug|Any CPU
		{F3FB2CC7-889E-474C-B7D0-50430B0036DC}.Release|Any CPU.ActiveCfg = Release|Any CPU
		{F3FB2CC7-889E-474C-B7D0-50430B0036DC}.Release|Any CPU.Build.0 = Release|Any CPU
		{97342E84-EA39-4258-A9F0-D0314C318348}.Debug|Any CPU.ActiveCfg = Debug|Any CPU
		{97342E84-EA39-4258-A9F0-D0314C318348}.Debug|Any CPU.Build.0 = Debug|Any CPU
		{97342E84-EA39-4258-A9F0-D0314C318348}.Release|Any CPU.ActiveCfg = Release|Any CPU
		{97342E84-EA39-4258-A9F0-D0314C318348}.Release|Any CPU.Build.0 = Release|Any CPU
		{ACC9F809-355D-47AE-8F62-46645675F680}.Debug|Any CPU.ActiveCfg = Debug|Any CPU
		{ACC9F809-355D-47AE-8F62-46645675F680}.Debug|Any CPU.Build.0 = Debug|Any CPU
		{ACC9F809-355D-47AE-8F62-46645675F680}.Release|Any CPU.ActiveCfg = Release|Any CPU
		{ACC9F809-355D-47AE-8F62-46645675F680}.Release|Any CPU.Build.0 = Release|Any CPU
		{4353DF77-2E7F-482D-BB14-D5AB5B94AB9F}.Debug|Any CPU.ActiveCfg = Debug|Any CPU
		{4353DF77-2E7F-482D-BB14-D5AB5B94AB9F}.Debug|Any CPU.Build.0 = Debug|Any CPU
		{4353DF77-2E7F-482D-BB14-D5AB5B94AB9F}.Release|Any CPU.ActiveCfg = Release|Any CPU
		{4353DF77-2E7F-482D-BB14-D5AB5B94AB9F}.Release|Any CPU.Build.0 = Release|Any CPU
	EndGlobalSection
	GlobalSection(SolutionProperties) = preSolution
		HideSolutionNode = FALSE
	EndGlobalSection
	GlobalSection(NestedProjects) = preSolution
		{B4D3B305-FA8B-47F9-9BEB-099521250EDA} = {C74E08A8-2D19-4325-9381-06802FE9E4CC}
		{A7D476D5-C60E-48B7-A51C-4BAAFF621706} = {6B204F2F-1D43-411B-AF3F-7E1E96B380DB}
		{A72D191F-FA99-4F8F-BBE7-FDD83EAD82CC} = {6B204F2F-1D43-411B-AF3F-7E1E96B380DB}
		{37F711B7-238C-4430-B1BF-7C2DF86923B0} = {6B204F2F-1D43-411B-AF3F-7E1E96B380DB}
		{016FF52A-1B1B-4AB3-97E2-63D03D36E844} = {6B204F2F-1D43-411B-AF3F-7E1E96B380DB}
		{9796045E-DC93-4CCA-BCD8-2EF5D25E8D05} = {6B204F2F-1D43-411B-AF3F-7E1E96B380DB}
		{1CB0383C-06EC-48A5-926A-6791CACC9FB9} = {C74E08A8-2D19-4325-9381-06802FE9E4CC}
		{3D534BD1-D962-42E6-9419-98D299484729} = {C74E08A8-2D19-4325-9381-06802FE9E4CC}
		{4F6ACB26-FD81-4104-8B77-D4157519E036} = {C74E08A8-2D19-4325-9381-06802FE9E4CC}
		{44A52081-B18E-450B-A303-90D7B017C050} = {6B204F2F-1D43-411B-AF3F-7E1E96B380DB}
		{F3FB2CC7-889E-474C-B7D0-50430B0036DC} = {6B204F2F-1D43-411B-AF3F-7E1E96B380DB}
		{97342E84-EA39-4258-A9F0-D0314C318348} = {6B204F2F-1D43-411B-AF3F-7E1E96B380DB}
		{ACC9F809-355D-47AE-8F62-46645675F680} = {6B204F2F-1D43-411B-AF3F-7E1E96B380DB}
		{4353DF77-2E7F-482D-BB14-D5AB5B94AB9F} = {6B204F2F-1D43-411B-AF3F-7E1E96B380DB}
	EndGlobalSection
	GlobalSection(ExtensibilityGlobals) = postSolution
		SolutionGuid = {44F82F9E-7479-49F0-BEE1-1D5DCD554BA0}
	EndGlobalSection
EndGlobal
